{
  "name": "osu-wiki-markdown-preview",
  "version": "0.1.0",
  "lockfileVersion": 3,
  "requires": true,
  "packages": {
    "": {
      "name": "osu-wiki-markdown-preview",
      "version": "0.1.0",
      "dependencies": {
        "markdown-it-container": "^4.0.0",
        "markdown-it-footnote": "^4.0.0"
      },
      "devDependencies": {
        "@types/markdown-it": "^14.1.1",
        "@types/markdown-it-container": "^2.0.10",
        "@types/markdown-it-footnote": "^3.0.4",
        "@types/node": "^20.14.12",
        "@types/vscode": "^1.91.0",
        "typescript": "^5.5.4"
      },
      "engines": {
        "vscode": "^1.87.0"
      }
    },
    "node_modules/@types/linkify-it": {
      "version": "5.0.0",
      "resolved": "https://registry.npmjs.org/@types/linkify-it/-/linkify-it-5.0.0.tgz",
      "integrity": "sha512-sVDA58zAw4eWAffKOaQH5/5j3XeayukzDk+ewSsnv3p4yJEZHCCzMDiZM8e0OUrRvmpGZ85jf4yDHkHsgBNr9Q==",
      "dev": true
    },
    "node_modules/@types/markdown-it": {
      "version": "14.1.1",
      "resolved": "https://registry.npmjs.org/@types/markdown-it/-/markdown-it-14.1.1.tgz",
      "integrity": "sha512-4NpsnpYl2Gt1ljyBGrKMxFYAYvpqbnnkgP/i/g+NLpjEUa3obn1XJCur9YbEXKDAkaXqsR1LbDnGEJ0MmKFxfg==",
      "dev": true,
      "dependencies": {
        "@types/linkify-it": "^5",
        "@types/mdurl": "^2"
      }
    },
    "node_modules/@types/markdown-it-container": {
      "version": "2.0.10",
      "resolved": "https://registry.npmjs.org/@types/markdown-it-container/-/markdown-it-container-2.0.10.tgz",
      "integrity": "sha512-zv+YxrlSYRq51e9kzm3orv4OvF4U79Ll1OyplNXr00o4ZC/8PukJk/jEWH7CnsMtrSWZlyv0czhz42jm9J4uLw==",
      "dev": true,
      "dependencies": {
        "@types/markdown-it": "*"
      }
    },
    "node_modules/@types/markdown-it-footnote": {
      "version": "3.0.4",
      "resolved": "https://registry.npmjs.org/@types/markdown-it-footnote/-/markdown-it-footnote-3.0.4.tgz",
      "integrity": "sha512-XJ6n+v+2u+2gmYLSHcxyoNT/YrgrKvHuDJQlykFjuxCQCr86P2/fx1V6/0lcKxv5cSIlCaJ6sUcNS3zDI7I+LA==",
      "dev": true,
      "dependencies": {
        "@types/markdown-it": "*"
      }
    },
    "node_modules/@types/mdurl": {
      "version": "2.0.0",
      "resolved": "https://registry.npmjs.org/@types/mdurl/-/mdurl-2.0.0.tgz",
      "integrity": "sha512-RGdgjQUZba5p6QEFAVx2OGb8rQDL/cPRG7GiedRzMcJ1tYnUANBncjbSB1NRGwbvjcPeikRABz2nshyPk1bhWg==",
      "dev": true
    },
    "node_modules/@types/node": {
      "version": "20.14.12",
      "resolved": "https://registry.npmjs.org/@types/node/-/node-20.14.12.tgz",
      "integrity": "sha512-r7wNXakLeSsGT0H1AU863vS2wa5wBOK4bWMjZz2wj+8nBx+m5PeIn0k8AloSLpRuiwdRQZwarZqHE4FNArPuJQ==",
      "dev": true,
      "dependencies": {
        "undici-types": "~5.26.4"
      }
    },
    "node_modules/@types/vscode": {
      "version": "1.91.0",
      "resolved": "https://registry.npmjs.org/@types/vscode/-/vscode-1.91.0.tgz",
      "integrity": "sha512-PgPr+bUODjG3y+ozWUCyzttqR9EHny9sPAfJagddQjDwdtf66y2sDKJMnFZRuzBA2YtBGASqJGPil8VDUPvO6A==",
      "dev": true
    },
    "node_modules/markdown-it-container": {
      "version": "4.0.0",
      "resolved": "https://registry.npmjs.org/markdown-it-container/-/markdown-it-container-4.0.0.tgz",
      "integrity": "sha512-HaNccxUH0l7BNGYbFbjmGpf5aLHAMTinqRZQAEQbMr2cdD3z91Q6kIo1oUn1CQndkT03jat6ckrdRYuwwqLlQw=="
    },
    "node_modules/markdown-it-footnote": {
      "version": "4.0.0",
      "resolved": "https://registry.npmjs.org/markdown-it-footnote/-/markdown-it-footnote-4.0.0.tgz",
      "integrity": "sha512-WYJ7urf+khJYl3DqofQpYfEYkZKbmXmwxQV8c8mO/hGIhgZ1wOe7R4HLFNwqx7TjILbnC98fuyeSsin19JdFcQ=="
    },
    "node_modules/typescript": {
      "version": "5.5.4",
      "resolved": "https://registry.npmjs.org/typescript/-/typescript-5.5.4.tgz",
      "integrity": "sha512-Mtq29sKDAEYP7aljRgtPOpTvOfbwRWlS6dPRzwjdE+C0R4brX/GUyhHSecbHMFLNBLcJIPt9nl9yG5TZ1weH+Q==",
      "dev": true,
      "bin": {
        "tsc": "bin/tsc",
        "tsserver": "bin/tsserver"
      },
      "engines": {
        "node": ">=14.17"
      }
    },
    "node_modules/undici-types": {
      "version": "5.26.5",
      "resolved": "https://registry.npmjs.org/undici-types/-/undici-types-5.26.5.tgz",
      "integrity": "sha512-JlCMO+ehdEIKqlFxk6IfVoAUVmgz7cU7zD/h9XZ0qzeosSHmUJVOzSQvvYSYWXkFXC+IfLKSIffhv0sVZup6pA==",
      "dev": true
    }
  }
}
